<?xml version="1.0" encoding="utf-8"?>
<Project ToolsVersion="4.0" xmlns="http://schemas.microsoft.com/developer/msbuild/2003">
  <ItemGroup>
    <Filter Include="Source Files">
      <UniqueIdentifier>{4FC737F1-C7A5-4376-A066-2A32D752A2FF}</UniqueIdentifier>
      <Extensions>cpp;c;cc;cxx;c++;cppm;ixx;def;odl;idl;hpj;bat;asm;asmx</Extensions>
    </Filter>
    <Filter Include="Header Files">
      <UniqueIdentifier>{93995380-89BD-4b04-88EB-625FBE52EBFB}</UniqueIdentifier>
      <Extensions>h;hh;hpp;hxx;h++;hm;inl;inc;ipp;xsd</Extensions>
    </Filter>
    <Filter Include="Resource Files">
      <UniqueIdentifier>{67DA6AB6-F800-4c08-8B7A-83BB121AAD01}</UniqueIdentifier>
      <Extensions>rc;ico;cur;bmp;dlg;rc2;rct;bin;rgs;gif;jpg;jpeg;jpe;resx;tiff;tif;png;wav;mfcribbon-ms</Extensions>
    </Filter>
    <Filter Include="Source Files\JNI-CPP">
      <UniqueIdentifier>{dcd1bda2-09c9-42fc-b5d3-430f672750c4}</UniqueIdentifier>
    </Filter>
    <Filter Include="Header Files\JNI-CPP">
      <UniqueIdentifier>{3f309d6b-583a-4ef3-8d0f-ac384bf43b45}</UniqueIdentifier>
    </Filter>
    <Filter Include="Header Files\DLL">
      <UniqueIdentifier>{9fb95679-8096-4ce4-98df-a800714df961}</UniqueIdentifier>
    </Filter>
    <Filter Include="Source Files\DLL">
      <UniqueIdentifier>{cf520d20-128c-4dbb-96a4-3a3cd04feb43}</UniqueIdentifier>
    </Filter>
  </ItemGroup>
  <ItemGroup>
    <ClInclude Include="src\JNI_cpp\mc_astar_java_MC_AStar_Java.h">
      <Filter>Header Files\JNI-CPP</Filter>
    </ClInclude>
    <ClInclude Include="src\BlockPosHashList.h">
      <Filter>Header Files</Filter>
    </ClInclude>
    <ClInclude Include="src\BlockPosPrioMap.h">
      <Filter>Header Files</Filter>
    </ClInclude>
    <ClInclude Include="src\DebugDefs.h">
      <Filter>Header Files</Filter>
    </ClInclude>
    <ClInclude Include="src\Graph.h">
      <Filter>Header Files</Filter>
    </ClInclude>
    <ClInclude Include="src\MCAStar.h">
      <Filter>Header Files</Filter>
    </ClInclude>
    <ClInclude Include="src\MinecraftTypes.h">
      <Filter>Header Files</Filter>
    </ClInclude>
    <ClInclude Include="src\Node.h">
      <Filter>Header Files</Filter>
    </ClInclude>
    <ClInclude Include="src\NodePrioQueue.h">
      <Filter>Header Files</Filter>
    </ClInclude>
    <ClInclude Include="src\Path.h">
      <Filter>Header Files</Filter>
    </ClInclude>
    <ClInclude Include="src\PathFindingBlockStateUtils.h">
      <Filter>Header Files</Filter>
    </ClInclude>
    <ClInclude Include="src\types.h">
      <Filter>Header Files</Filter>
    </ClInclude>
    <ClInclude Include="src\framework.h">
      <Filter>Header Files\DLL</Filter>
    </ClInclude>
    <ClInclude Include="src\pch.h">
      <Filter>Header Files\DLL</Filter>
    </ClInclude>
  </ItemGroup>
  <ItemGroup>
    <ClCompile Include="src\dllmain.cpp">
      <Filter>Source Files\DLL</Filter>
    </ClCompile>
    <ClCompile Include="src\pch.cpp">
      <Filter>Source Files\DLL</Filter>
    </ClCompile>
    <ClCompile Include="src\JNI_cpp\mc_astar_java_MC_AStar_Java.cpp">
      <Filter>Source Files\JNI-CPP</Filter>
    </ClCompile>
    <ClCompile Include="src\MCAStarTest.cpp">
      <Filter>Source Files</Filter>
    </ClCompile>
    <ClCompile Include="src\MinecraftTypes.cpp">
      <Filter>Source Files</Filter>
    </ClCompile>
    <ClCompile Include="src\NodePrioQueue.cpp">
      <Filter>Source Files</Filter>
    </ClCompile>
    <ClCompile Include="src\Path.cpp">
      <Filter>Source Files</Filter>
    </ClCompile>
    <ClCompile Include="src\PathFindingBlockStateUtils.cpp">
      <Filter>Source Files</Filter>
    </ClCompile>
    <ClCompile Include="src\BlockPosHashList.cpp">
      <Filter>Source Files</Filter>
    </ClCompile>
    <ClCompile Include="src\BlockPosPrioMap.cpp">
      <Filter>Source Files</Filter>
    </ClCompile>
    <ClCompile Include="src\Graph.cpp">
      <Filter>Source Files</Filter>
    </ClCompile>
    <ClCompile Include="src\MCAStar.cpp">
      <Filter>Source Files</Filter>
    </ClCompile>
  </ItemGroup>
</Project>