<?xml version="1.0" encoding="utf-8"?>
<Project ToolsVersion="4.0" xmlns="http://schemas.microsoft.com/developer/msbuild/2003">
  <ItemGroup>
    <Filter Include="Source Files">
      <UniqueIdentifier>{4FC737F1-C7A5-4376-A066-2A32D752A2FF}</UniqueIdentifier>
      <Extensions>cpp;c;cc;cxx;c++;cppm;ixx;def;odl;idl;hpj;bat;asm;asmx</Extensions>
    </Filter>
    <Filter Include="Header Files">
      <UniqueIdentifier>{93995380-89BD-4b04-88EB-625FBE52EBFB}</UniqueIdentifier>
      <Extensions>h;hh;hpp;hxx;h++;hm;inl;inc;ipp;xsd</Extensions>
    </Filter>
    <Filter Include="Resource Files">
      <UniqueIdentifier>{67DA6AB6-F800-4c08-8B7A-83BB121AAD01}</UniqueIdentifier>
      <Extensions>rc;ico;cur;bmp;dlg;rc2;rct;bin;rgs;gif;jpg;jpeg;jpe;resx;tiff;tif;png;wav;mfcribbon-ms</Extensions>
    </Filter>
    <Filter Include="Source Files\JNI-CPP">
      <UniqueIdentifier>{dcd1bda2-09c9-42fc-b5d3-430f672750c4}</UniqueIdentifier>
    </Filter>
    <Filter Include="Header Files\JNI-CPP">
      <UniqueIdentifier>{3f309d6b-583a-4ef3-8d0f-ac384bf43b45}</UniqueIdentifier>
    </Filter>
  </ItemGroup>
  <ItemGroup>
    <ClCompile Include="MCAStarTest.cpp">
      <Filter>Source Files</Filter>
    </ClCompile>
    <ClCompile Include="Path.cpp">
      <Filter>Source Files</Filter>
    </ClCompile>
    <ClCompile Include="PathFindingBlockStateUtils.cpp">
      <Filter>Source Files</Filter>
    </ClCompile>
    <ClCompile Include="GraphicsTypes.cpp">
      <Filter>Source Files</Filter>
    </ClCompile>
    <ClCompile Include="BlockPosHashList.cpp">
      <Filter>Source Files</Filter>
    </ClCompile>
    <ClCompile Include="MinecraftTypes.cpp">
      <Filter>Source Files</Filter>
    </ClCompile>
    <ClCompile Include="NodePrioQueue.cpp">
      <Filter>Source Files</Filter>
    </ClCompile>
    <ClCompile Include="DebugDefs.h">
      <Filter>Header Files</Filter>
    </ClCompile>
    <ClCompile Include="MCAStar.cpp">
      <Filter>Source Files</Filter>
    </ClCompile>
    <ClCompile Include="pch.cpp">
      <Filter>Source Files</Filter>
    </ClCompile>
    <ClCompile Include="dllmain.cpp">
      <Filter>Source Files</Filter>
    </ClCompile>
    <ClCompile Include="JNI_cpp\mc_astar_java_MC_AStar_Java.cpp">
      <Filter>Source Files\JNI-CPP</Filter>
    </ClCompile>
    <ClCompile Include="BlockPosPrioMap.cpp">
      <Filter>Source Files</Filter>
    </ClCompile>
    <ClCompile Include="Graph.cpp">
      <Filter>Source Files</Filter>
    </ClCompile>
  </ItemGroup>
  <ItemGroup>
    <ClInclude Include="MinecraftTypes.h">
      <Filter>Header Files</Filter>
    </ClInclude>
    <ClInclude Include="Path.h">
      <Filter>Header Files</Filter>
    </ClInclude>
    <ClInclude Include="PathFindingBlockStateUtils.h">
      <Filter>Header Files</Filter>
    </ClInclude>
    <ClInclude Include="types.h">
      <Filter>Header Files</Filter>
    </ClInclude>
    <ClInclude Include="GraphicsTypes.h">
      <Filter>Header Files</Filter>
    </ClInclude>
    <ClInclude Include="BlockPosHashList.h">
      <Filter>Header Files</Filter>
    </ClInclude>
    <ClInclude Include="NodePrioQueue.h">
      <Filter>Header Files</Filter>
    </ClInclude>
    <ClInclude Include="MCAStar.h">
      <Filter>Header Files</Filter>
    </ClInclude>
    <ClInclude Include="framework.h">
      <Filter>Header Files</Filter>
    </ClInclude>
    <ClInclude Include="pch.h">
      <Filter>Header Files</Filter>
    </ClInclude>
    <ClInclude Include="JNI_cpp\mc_astar_java_MC_AStar_Java.h">
      <Filter>Header Files\JNI-CPP</Filter>
    </ClInclude>
    <ClInclude Include="BlockPosPrioMap.h">
      <Filter>Header Files</Filter>
    </ClInclude>
    <ClInclude Include="Graph.h">
      <Filter>Header Files</Filter>
    </ClInclude>
    <ClInclude Include="Node.h">
      <Filter>Header Files</Filter>
    </ClInclude>
  </ItemGroup>
</Project>